
Microsoft Visual Studio Solution File, Format Version 12.00
# Visual Studio Version 17
VisualStudioVersion = 17.13.35806.99 d17.13
MinimumVisualStudioVersion = 10.0.40219.1
Project("{FAE04EC0-301F-11D3-BF4B-00C04F79EFBC}") = "Tarskan", "Tarskan\Tarskan.csproj", "{1D513E98-37F9-4994-A0F3-85F326104F09}"
EndProject
Project("{FAE04EC0-301F-11D3-BF4B-00C04F79EFBC}") = "Database", "Database\Database.csproj", "{BEE81AD7-5A00-411B-A34D-9E32A600AFDB}"
EndProject
Project("{FAE04EC0-301F-11D3-BF4B-00C04F79EFBC}") = "DataProcess", "DataProcess\DataProcess.csproj", "{04C6D735-2086-422E-B4C0-CB63A313B506}"
EndProject
Project("{FAE04EC0-301F-11D3-BF4B-00C04F79EFBC}") = "DataTest", "DataTest\DataTest.csproj", "{1C5D4DAC-EB5D-4FE4-89C9-C252EB941357}"
EndProject
Global
	GlobalSection(SolutionConfigurationPlatforms) = preSolution
		Debug|Any CPU = Debug|Any CPU
		Release|Any CPU = Release|Any CPU
	EndGlobalSection
	GlobalSection(ProjectConfigurationPlatforms) = postSolution
		{1D513E98-37F9-4994-A0F3-85F326104F09}.Debug|Any CPU.ActiveCfg = Debug|Any CPU
		{1D513E98-37F9-4994-A0F3-85F326104F09}.Debug|Any CPU.Build.0 = Debug|Any CPU
		{1D513E98-37F9-4994-A0F3-85F326104F09}.Release|Any CPU.ActiveCfg = Release|Any CPU
		{1D513E98-37F9-4994-A0F3-85F326104F09}.Release|Any CPU.Build.0 = Release|Any CPU
		{BEE81AD7-5A00-411B-A34D-9E32A600AFDB}.Debug|Any CPU.ActiveCfg = Debug|Any CPU
		{BEE81AD7-5A00-411B-A34D-9E32A600AFDB}.Debug|Any CPU.Build.0 = Debug|Any CPU
		{BEE81AD7-5A00-411B-A34D-9E32A600AFDB}.Release|Any CPU.ActiveCfg = Release|Any CPU
		{BEE81AD7-5A00-411B-A34D-9E32A600AFDB}.Release|Any CPU.Build.0 = Release|Any CPU
		{04C6D735-2086-422E-B4C0-CB63A313B506}.Debug|Any CPU.ActiveCfg = Debug|Any CPU
		{04C6D735-2086-422E-B4C0-CB63A313B506}.Debug|Any CPU.Build.0 = Debug|Any CPU
		{04C6D735-2086-422E-B4C0-CB63A313B506}.Release|Any CPU.ActiveCfg = Release|Any CPU
		{04C6D735-2086-422E-B4C0-CB63A313B506}.Release|Any CPU.Build.0 = Release|Any CPU
		{1C5D4DAC-EB5D-4FE4-89C9-C252EB941357}.Debug|Any CPU.ActiveCfg = Debug|Any CPU
		{1C5D4DAC-EB5D-4FE4-89C9-C252EB941357}.Debug|Any CPU.Build.0 = Debug|Any CPU
		{1C5D4DAC-EB5D-4FE4-89C9-C252EB941357}.Release|Any CPU.ActiveCfg = Release|Any CPU
		{1C5D4DAC-EB5D-4FE4-89C9-C252EB941357}.Release|Any CPU.Build.0 = Release|Any CPU
	EndGlobalSection
	GlobalSection(SolutionProperties) = preSolution
		HideSolutionNode = FALSE
	EndGlobalSection
	GlobalSection(ExtensibilityGlobals) = postSolution
		SolutionGuid = {3812015B-164F-49FE-BEDB-FC16EA681F65}
	EndGlobalSection
EndGlobal
